
Microsoft Visual Studio Solution File, Format Version 12.00
# Visual Studio Version 17
VisualStudioVersion = 17.11.35431.28
MinimumVisualStudioVersion = 10.0.40219.1
Project("{FAE04EC0-301F-11D3-BF4B-00C04F79EFBC}") = "API", "API\API.csproj", "{5E5689E8-5EED-4622-9B8F-CFEA02FD95A5}"
EndProject
Project("{FAE04EC0-301F-11D3-BF4B-00C04F79EFBC}") = "BLL", "BLL\BLL.csproj", "{CA109CA1-B898-4EBD-B643-7E6C74D8B580}"
EndProject
Project("{FAE04EC0-301F-11D3-BF4B-00C04F79EFBC}") = "DAL", "DAL\DAL.csproj", "{71C0BBB3-1399-4123-919F-D1CC63B4FF8B}"
EndProject
Project("{FAE04EC0-301F-11D3-BF4B-00C04F79EFBC}") = "Repository", "Repository\Repository.csproj", "{7BDC55F0-3C36-4746-93CE-63CC3E6A2BE2}"
EndProject
Global
	GlobalSection(SolutionConfigurationPlatforms) = preSolution
		Debug|Any CPU = Debug|Any CPU
		Release|Any CPU = Release|Any CPU
	EndGlobalSection
	GlobalSection(ProjectConfigurationPlatforms) = postSolution
		{5E5689E8-5EED-4622-9B8F-CFEA02FD95A5}.Debug|Any CPU.ActiveCfg = Debug|Any CPU
		{5E5689E8-5EED-4622-9B8F-CFEA02FD95A5}.Debug|Any CPU.Build.0 = Debug|Any CPU
		{5E5689E8-5EED-4622-9B8F-CFEA02FD95A5}.Release|Any CPU.ActiveCfg = Release|Any CPU
		{5E5689E8-5EED-4622-9B8F-CFEA02FD95A5}.Release|Any CPU.Build.0 = Release|Any CPU
		{CA109CA1-B898-4EBD-B643-7E6C74D8B580}.Debug|Any CPU.ActiveCfg = Debug|Any CPU
		{CA109CA1-B898-4EBD-B643-7E6C74D8B580}.Debug|Any CPU.Build.0 = Debug|Any CPU
		{CA109CA1-B898-4EBD-B643-7E6C74D8B580}.Release|Any CPU.ActiveCfg = Release|Any CPU
		{CA109CA1-B898-4EBD-B643-7E6C74D8B580}.Release|Any CPU.Build.0 = Release|Any CPU
		{71C0BBB3-1399-4123-919F-D1CC63B4FF8B}.Debug|Any CPU.ActiveCfg = Debug|Any CPU
		{71C0BBB3-1399-4123-919F-D1CC63B4FF8B}.Debug|Any CPU.Build.0 = Debug|Any CPU
		{71C0BBB3-1399-4123-919F-D1CC63B4FF8B}.Release|Any CPU.ActiveCfg = Release|Any CPU
		{71C0BBB3-1399-4123-919F-D1CC63B4FF8B}.Release|Any CPU.Build.0 = Release|Any CPU
		{7BDC55F0-3C36-4746-93CE-63CC3E6A2BE2}.Debug|Any CPU.ActiveCfg = Debug|Any CPU
		{7BDC55F0-3C36-4746-93CE-63CC3E6A2BE2}.Debug|Any CPU.Build.0 = Debug|Any CPU
		{7BDC55F0-3C36-4746-93CE-63CC3E6A2BE2}.Release|Any CPU.ActiveCfg = Release|Any CPU
		{7BDC55F0-3C36-4746-93CE-63CC3E6A2BE2}.Release|Any CPU.Build.0 = Release|Any CPU
	EndGlobalSection
	GlobalSection(SolutionProperties) = preSolution
		HideSolutionNode = FALSE
	EndGlobalSection
	GlobalSection(ExtensibilityGlobals) = postSolution
		SolutionGuid = {9DC83E4D-E317-495C-AAB1-03112C6CECF1}
	EndGlobalSection
EndGlobal
